
Microsoft Visual Studio Solution File, Format Version 12.00
# Visual Studio 2012
Project("{FAE04EC0-301F-11D3-BF4B-00C04F79EFBC}") = "03.Data-Types-and-Variables-Lab", "03.Data-Types-and-Variables-Lab\03.Data-Types-and-Variables-Lab.csproj", "{C2B93EF9-4978-4302-A0A4-3039114A2E96}"
EndProject
Global
	GlobalSection(SolutionConfigurationPlatforms) = preSolution
		Debug|Any CPU = Debug|Any CPU
		Release|Any CPU = Release|Any CPU
	EndGlobalSection
	GlobalSection(ProjectConfigurationPlatforms) = postSolution
		{C2B93EF9-4978-4302-A0A4-3039114A2E96}.Debug|Any CPU.ActiveCfg = Debug|Any CPU
		{C2B93EF9-4978-4302-A0A4-3039114A2E96}.Debug|Any CPU.Build.0 = Debug|Any CPU
		{C2B93EF9-4978-4302-A0A4-3039114A2E96}.Release|Any CPU.ActiveCfg = Release|Any CPU
		{C2B93EF9-4978-4302-A0A4-3039114A2E96}.Release|Any CPU.Build.0 = Release|Any CPU
	EndGlobalSection
EndGlobal
