
Microsoft Visual Studio Solution File, Format Version 12.00
# Visual Studio 2012
Project("{FAE04EC0-301F-11D3-BF4B-00C04F79EFBC}") = "01-DebitCardNumber", "ExercisesIntroAndBasicSyntax\01-DebitCardNumber.csproj", "{899889EB-EBEA-4026-B604-2BDA3281D8BA}"
EndProject
Project("{FAE04EC0-301F-11D3-BF4B-00C04F79EFBC}") = "RectangleArea", "RectangleArea\RectangleArea.csproj", "{6DC6483B-499B-47D6-950B-156819AD6E12}"
EndProject
Global
	GlobalSection(SolutionConfigurationPlatforms) = preSolution
		Debug|Any CPU = Debug|Any CPU
		Release|Any CPU = Release|Any CPU
	EndGlobalSection
	GlobalSection(ProjectConfigurationPlatforms) = postSolution
		{899889EB-EBEA-4026-B604-2BDA3281D8BA}.Debug|Any CPU.ActiveCfg = Debug|Any CPU
		{899889EB-EBEA-4026-B604-2BDA3281D8BA}.Debug|Any CPU.Build.0 = Debug|Any CPU
		{899889EB-EBEA-4026-B604-2BDA3281D8BA}.Release|Any CPU.ActiveCfg = Release|Any CPU
		{899889EB-EBEA-4026-B604-2BDA3281D8BA}.Release|Any CPU.Build.0 = Release|Any CPU
		{6DC6483B-499B-47D6-950B-156819AD6E12}.Debug|Any CPU.ActiveCfg = Debug|Any CPU
		{6DC6483B-499B-47D6-950B-156819AD6E12}.Debug|Any CPU.Build.0 = Debug|Any CPU
		{6DC6483B-499B-47D6-950B-156819AD6E12}.Release|Any CPU.ActiveCfg = Release|Any CPU
		{6DC6483B-499B-47D6-950B-156819AD6E12}.Release|Any CPU.Build.0 = Release|Any CPU
	EndGlobalSection
EndGlobal
