
Microsoft Visual Studio Solution File, Format Version 12.00
# Visual Studio 2012
Project("{FAE04EC0-301F-11D3-BF4B-00C04F79EFBC}") = "Raindrops", "10Dec\Raindrops.csproj", "{3BD5329B-EA9C-46DB-A954-130AD7DBD144}"
EndProject
Project("{FAE04EC0-301F-11D3-BF4B-00C04F79EFBC}") = "02", "02\02.csproj", "{13942ABF-2822-470D-BEB3-BAD85ED97E8A}"
EndProject
Project("{FAE04EC0-301F-11D3-BF4B-00C04F79EFBC}") = "03", "03\03.csproj", "{1064A218-7718-47FE-8596-1176FE0579FB}"
EndProject
Project("{FAE04EC0-301F-11D3-BF4B-00C04F79EFBC}") = "RianAir", "RianAir\RianAir.csproj", "{9019A377-2FBA-4C36-BFB5-831BE696477D}"
EndProject
Global
	GlobalSection(SolutionConfigurationPlatforms) = preSolution
		Debug|Any CPU = Debug|Any CPU
		Release|Any CPU = Release|Any CPU
	EndGlobalSection
	GlobalSection(ProjectConfigurationPlatforms) = postSolution
		{3BD5329B-EA9C-46DB-A954-130AD7DBD144}.Debug|Any CPU.ActiveCfg = Debug|Any CPU
		{3BD5329B-EA9C-46DB-A954-130AD7DBD144}.Debug|Any CPU.Build.0 = Debug|Any CPU
		{3BD5329B-EA9C-46DB-A954-130AD7DBD144}.Release|Any CPU.ActiveCfg = Release|Any CPU
		{3BD5329B-EA9C-46DB-A954-130AD7DBD144}.Release|Any CPU.Build.0 = Release|Any CPU
		{13942ABF-2822-470D-BEB3-BAD85ED97E8A}.Debug|Any CPU.ActiveCfg = Debug|Any CPU
		{13942ABF-2822-470D-BEB3-BAD85ED97E8A}.Debug|Any CPU.Build.0 = Debug|Any CPU
		{13942ABF-2822-470D-BEB3-BAD85ED97E8A}.Release|Any CPU.ActiveCfg = Release|Any CPU
		{13942ABF-2822-470D-BEB3-BAD85ED97E8A}.Release|Any CPU.Build.0 = Release|Any CPU
		{1064A218-7718-47FE-8596-1176FE0579FB}.Debug|Any CPU.ActiveCfg = Debug|Any CPU
		{1064A218-7718-47FE-8596-1176FE0579FB}.Debug|Any CPU.Build.0 = Debug|Any CPU
		{1064A218-7718-47FE-8596-1176FE0579FB}.Release|Any CPU.ActiveCfg = Release|Any CPU
		{1064A218-7718-47FE-8596-1176FE0579FB}.Release|Any CPU.Build.0 = Release|Any CPU
		{9019A377-2FBA-4C36-BFB5-831BE696477D}.Debug|Any CPU.ActiveCfg = Debug|Any CPU
		{9019A377-2FBA-4C36-BFB5-831BE696477D}.Debug|Any CPU.Build.0 = Debug|Any CPU
		{9019A377-2FBA-4C36-BFB5-831BE696477D}.Release|Any CPU.ActiveCfg = Release|Any CPU
		{9019A377-2FBA-4C36-BFB5-831BE696477D}.Release|Any CPU.Build.0 = Release|Any CPU
	EndGlobalSection
EndGlobal
