
Microsoft Visual Studio Solution File, Format Version 12.00
# Visual Studio 2017
Project("{FAE04EC0-301F-11D3-BF4B-00C04F79EFBC}") = "01_Hello_Name", "01_Hello_Name.csproj", "{CC5E5B5B-E9D6-4EDB-8DDF-56BA8B4EF886}"
EndProject
Global
	GlobalSection(SolutionConfigurationPlatforms) = preSolution
		Debug|Any CPU = Debug|Any CPU
		Release|Any CPU = Release|Any CPU
	EndGlobalSection
	GlobalSection(ProjectConfigurationPlatforms) = postSolution
		{CC5E5B5B-E9D6-4EDB-8DDF-56BA8B4EF886}.Debug|Any CPU.ActiveCfg = Debug|Any CPU
		{CC5E5B5B-E9D6-4EDB-8DDF-56BA8B4EF886}.Debug|Any CPU.Build.0 = Debug|Any CPU
		{CC5E5B5B-E9D6-4EDB-8DDF-56BA8B4EF886}.Release|Any CPU.ActiveCfg = Release|Any CPU
		{CC5E5B5B-E9D6-4EDB-8DDF-56BA8B4EF886}.Release|Any CPU.Build.0 = Release|Any CPU
	EndGlobalSection
EndGlobal
